// !$*UTF8*$!
{
	archiveVersion = 1;
	classes = {
	};
	objectVersion = 56;
	objects = {

/* Begin PBXBuildFile section */
		A027A1A929E28FE30061BCF3 /* DateExtensions.swift in Sources */ = {isa = PBXBuildFile; fileRef = A027A1A829E28FE30061BCF3 /* DateExtensions.swift */; };
		A027A1AC29E291BA0061BCF3 /* ChatItem.swift in Sources */ = {isa = PBXBuildFile; fileRef = A027A1AB29E291BA0061BCF3 /* ChatItem.swift */; };
		A0C6ECF129E142290069E839 /* Toast in Frameworks */ = {isa = PBXBuildFile; productRef = A0C6ECF029E142290069E839 /* Toast */; };
		A0C6ECF429E142540069E839 /* CombineMoya in Frameworks */ = {isa = PBXBuildFile; productRef = A0C6ECF329E142540069E839 /* CombineMoya */; };
		A0C6ECF629E142540069E839 /* Moya in Frameworks */ = {isa = PBXBuildFile; productRef = A0C6ECF529E142540069E839 /* Moya */; };
		A0C6ECF829E142540069E839 /* ReactiveMoya in Frameworks */ = {isa = PBXBuildFile; productRef = A0C6ECF729E142540069E839 /* ReactiveMoya */; };
		A0C6ECFA29E142540069E839 /* RxMoya in Frameworks */ = {isa = PBXBuildFile; productRef = A0C6ECF929E142540069E839 /* RxMoya */; };
		A0C6ECFD29E144E90069E839 /* MyCell.swift in Sources */ = {isa = PBXBuildFile; fileRef = A0C6ECFC29E144E90069E839 /* MyCell.swift */; };
		A0C6ECFF29E145640069E839 /* CommonCell.swift in Sources */ = {isa = PBXBuildFile; fileRef = A0C6ECFE29E145640069E839 /* CommonCell.swift */; };
		A0C6ED0229E14B270069E839 /* Lottie in Frameworks */ = {isa = PBXBuildFile; productRef = A0C6ED0129E14B270069E839 /* Lottie */; };
		A0C6ED0929E14D2B0069E839 /* blud_dot_loading.json in Resources */ = {isa = PBXBuildFile; fileRef = A0C6ED0529E14D2A0069E839 /* blud_dot_loading.json */; };
		A0C6ED0A29E14D2B0069E839 /* yellow_long_dot_loading.json in Resources */ = {isa = PBXBuildFile; fileRef = A0C6ED0629E14D2B0069E839 /* yellow_long_dot_loading.json */; };
		A0C6ED0B29E14D2B0069E839 /* yellow_dot_loading.json in Resources */ = {isa = PBXBuildFile; fileRef = A0C6ED0729E14D2B0069E839 /* yellow_dot_loading.json */; };
		A0C6ED0C29E14D2B0069E839 /* yellow_spinner.json in Resources */ = {isa = PBXBuildFile; fileRef = A0C6ED0829E14D2B0069E839 /* yellow_spinner.json */; };
		A0C6ED1029E152950069E839 /* ViewController+TableView.swift in Sources */ = {isa = PBXBuildFile; fileRef = A0C6ED0F29E152950069E839 /* ViewController+TableView.swift */; };
		A0C6ED1229E15A160069E839 /* AssistantCell.swift in Sources */ = {isa = PBXBuildFile; fileRef = A0C6ED1129E15A160069E839 /* AssistantCell.swift */; };
		A0C6ED1529E1607E0069E839 /* ChattingViewModel.swift in Sources */ = {isa = PBXBuildFile; fileRef = A0C6ED1429E1607E0069E839 /* ChattingViewModel.swift */; };
		A0C6ED1929E1686B0069E839 /* ChattingViewModel+Input.swift in Sources */ = {isa = PBXBuildFile; fileRef = A0C6ED1829E1686B0069E839 /* ChattingViewModel+Input.swift */; };
		A0C6ED1B29E16EBC0069E839 /* ViewController+Bind.swift in Sources */ = {isa = PBXBuildFile; fileRef = A0C6ED1A29E16EBC0069E839 /* ViewController+Bind.swift */; };
		A0C6ED1D29E170860069E839 /* ChattingLayout+Bind.swift in Sources */ = {isa = PBXBuildFile; fileRef = A0C6ED1C29E170860069E839 /* ChattingLayout+Bind.swift */; };
		F03BE18029E0029800429E8F /* RxGesture in Frameworks */ = {isa = PBXBuildFile; productRef = F03BE17F29E0029800429E8F /* RxGesture */; };
		F09821E629DFB15E0095F62A /* AppDelegate.swift in Sources */ = {isa = PBXBuildFile; fileRef = F09821E529DFB15E0095F62A /* AppDelegate.swift */; };
		F09821E829DFB15E0095F62A /* SceneDelegate.swift in Sources */ = {isa = PBXBuildFile; fileRef = F09821E729DFB15E0095F62A /* SceneDelegate.swift */; };
		F09821EA29DFB15E0095F62A /* ViewController.swift in Sources */ = {isa = PBXBuildFile; fileRef = F09821E929DFB15E0095F62A /* ViewController.swift */; };
		F09821EF29DFB1600095F62A /* Assets.xcassets in Resources */ = {isa = PBXBuildFile; fileRef = F09821EE29DFB1600095F62A /* Assets.xcassets */; };
		F09821F229DFB1600095F62A /* LaunchScreen.storyboard in Resources */ = {isa = PBXBuildFile; fileRef = F09821F029DFB1600095F62A /* LaunchScreen.storyboard */; };
		F09821FB29DFB1AB0095F62A /* OpenAI in Frameworks */ = {isa = PBXBuildFile; productRef = F09821FA29DFB1AB0095F62A /* OpenAI */; };
		F09821FE29DFCE520095F62A /* SnapKit in Frameworks */ = {isa = PBXBuildFile; productRef = F09821FD29DFCE520095F62A /* SnapKit */; };
		F098220329DFCE6C0095F62A /* Then in Frameworks */ = {isa = PBXBuildFile; productRef = F098220229DFCE6C0095F62A /* Then */; };
		F098220929DFCEB70095F62A /* PinLayout in Frameworks */ = {isa = PBXBuildFile; productRef = F098220829DFCEB70095F62A /* PinLayout */; };
		F098220C29DFD11F0095F62A /* RxCocoa in Frameworks */ = {isa = PBXBuildFile; productRef = F098220B29DFD11F0095F62A /* RxCocoa */; };
		F098220E29DFD11F0095F62A /* RxRelay in Frameworks */ = {isa = PBXBuildFile; productRef = F098220D29DFD11F0095F62A /* RxRelay */; };
		F098221729DFD3F10095F62A /* ChattingLayout.swift in Sources */ = {isa = PBXBuildFile; fileRef = F098221629DFD3F10095F62A /* ChattingLayout.swift */; };
		F098221929DFDD270095F62A /* CustomView.swift in Sources */ = {isa = PBXBuildFile; fileRef = F098221829DFDD270095F62A /* CustomView.swift */; };
		F098221B29DFDD520095F62A /* ChatInputBarView.swift in Sources */ = {isa = PBXBuildFile; fileRef = F098221A29DFDD520095F62A /* ChatInputBarView.swift */; };
		F098222129DFEA100095F62A /* ColorExtensions.swift in Sources */ = {isa = PBXBuildFile; fileRef = F098222029DFEA100095F62A /* ColorExtensions.swift */; };
		F098222829DFF0880095F62A /* FlexLayout in Frameworks */ = {isa = PBXBuildFile; productRef = F098222729DFF0880095F62A /* FlexLayout */; };
		F098222A29DFFEE90095F62A /* ChattingLayout+Keyboard.swift in Sources */ = {isa = PBXBuildFile; fileRef = F098222929DFFEE90095F62A /* ChattingLayout+Keyboard.swift */; };
/* End PBXBuildFile section */

/* Begin PBXFileReference section */
		A027A1A829E28FE30061BCF3 /* DateExtensions.swift */ = {isa = PBXFileReference; lastKnownFileType = sourcecode.swift; path = DateExtensions.swift; sourceTree = "<group>"; };
		A027A1AB29E291BA0061BCF3 /* ChatItem.swift */ = {isa = PBXFileReference; lastKnownFileType = sourcecode.swift; path = ChatItem.swift; sourceTree = "<group>"; };
		A0C6ECFC29E144E90069E839 /* MyCell.swift */ = {isa = PBXFileReference; lastKnownFileType = sourcecode.swift; path = MyCell.swift; sourceTree = "<group>"; };
		A0C6ECFE29E145640069E839 /* CommonCell.swift */ = {isa = PBXFileReference; lastKnownFileType = sourcecode.swift; path = CommonCell.swift; sourceTree = "<group>"; };
		A0C6ED0529E14D2A0069E839 /* blud_dot_loading.json */ = {isa = PBXFileReference; fileEncoding = 4; lastKnownFileType = text.json; path = blud_dot_loading.json; sourceTree = "<group>"; };
		A0C6ED0629E14D2B0069E839 /* yellow_long_dot_loading.json */ = {isa = PBXFileReference; fileEncoding = 4; lastKnownFileType = text.json; path = yellow_long_dot_loading.json; sourceTree = "<group>"; };
		A0C6ED0729E14D2B0069E839 /* yellow_dot_loading.json */ = {isa = PBXFileReference; fileEncoding = 4; lastKnownFileType = text.json; path = yellow_dot_loading.json; sourceTree = "<group>"; };
		A0C6ED0829E14D2B0069E839 /* yellow_spinner.json */ = {isa = PBXFileReference; fileEncoding = 4; lastKnownFileType = text.json; path = yellow_spinner.json; sourceTree = "<group>"; };
		A0C6ED0F29E152950069E839 /* ViewController+TableView.swift */ = {isa = PBXFileReference; lastKnownFileType = sourcecode.swift; path = "ViewController+TableView.swift"; sourceTree = "<group>"; };
		A0C6ED1129E15A160069E839 /* AssistantCell.swift */ = {isa = PBXFileReference; lastKnownFileType = sourcecode.swift; path = AssistantCell.swift; sourceTree = "<group>"; };
		A0C6ED1429E1607E0069E839 /* ChattingViewModel.swift */ = {isa = PBXFileReference; lastKnownFileType = sourcecode.swift; path = ChattingViewModel.swift; sourceTree = "<group>"; };
		A0C6ED1829E1686B0069E839 /* ChattingViewModel+Input.swift */ = {isa = PBXFileReference; lastKnownFileType = sourcecode.swift; path = "ChattingViewModel+Input.swift"; sourceTree = "<group>"; };
		A0C6ED1A29E16EBC0069E839 /* ViewController+Bind.swift */ = {isa = PBXFileReference; lastKnownFileType = sourcecode.swift; path = "ViewController+Bind.swift"; sourceTree = "<group>"; };
		A0C6ED1C29E170860069E839 /* ChattingLayout+Bind.swift */ = {isa = PBXFileReference; lastKnownFileType = sourcecode.swift; path = "ChattingLayout+Bind.swift"; sourceTree = "<group>"; };
		F09821E229DFB15E0095F62A /* ChatGPTSub.app */ = {isa = PBXFileReference; explicitFileType = wrapper.application; includeInIndex = 0; path = ChatGPTSub.app; sourceTree = BUILT_PRODUCTS_DIR; };
		F09821E529DFB15E0095F62A /* AppDelegate.swift */ = {isa = PBXFileReference; lastKnownFileType = sourcecode.swift; path = AppDelegate.swift; sourceTree = "<group>"; };
		F09821E729DFB15E0095F62A /* SceneDelegate.swift */ = {isa = PBXFileReference; lastKnownFileType = sourcecode.swift; path = SceneDelegate.swift; sourceTree = "<group>"; };
		F09821E929DFB15E0095F62A /* ViewController.swift */ = {isa = PBXFileReference; lastKnownFileType = sourcecode.swift; path = ViewController.swift; sourceTree = "<group>"; };
		F09821EE29DFB1600095F62A /* Assets.xcassets */ = {isa = PBXFileReference; lastKnownFileType = folder.assetcatalog; path = Assets.xcassets; sourceTree = "<group>"; };
		F09821F129DFB1600095F62A /* Base */ = {isa = PBXFileReference; lastKnownFileType = file.storyboard; name = Base; path = Base.lproj/LaunchScreen.storyboard; sourceTree = "<group>"; };
		F09821F329DFB1600095F62A /* Info.plist */ = {isa = PBXFileReference; lastKnownFileType = text.plist.xml; path = Info.plist; sourceTree = "<group>"; };
		F098221629DFD3F10095F62A /* ChattingLayout.swift */ = {isa = PBXFileReference; lastKnownFileType = sourcecode.swift; path = ChattingLayout.swift; sourceTree = "<group>"; };
		F098221829DFDD270095F62A /* CustomView.swift */ = {isa = PBXFileReference; lastKnownFileType = sourcecode.swift; path = CustomView.swift; sourceTree = "<group>"; };
		F098221A29DFDD520095F62A /* ChatInputBarView.swift */ = {isa = PBXFileReference; lastKnownFileType = sourcecode.swift; path = ChatInputBarView.swift; sourceTree = "<group>"; };
		F098222029DFEA100095F62A /* ColorExtensions.swift */ = {isa = PBXFileReference; lastKnownFileType = sourcecode.swift; path = ColorExtensions.swift; sourceTree = "<group>"; };
		F098222929DFFEE90095F62A /* ChattingLayout+Keyboard.swift */ = {isa = PBXFileReference; lastKnownFileType = sourcecode.swift; path = "ChattingLayout+Keyboard.swift"; sourceTree = "<group>"; };
/* End PBXFileReference section */

/* Begin PBXFrameworksBuildPhase section */
		F09821DF29DFB15E0095F62A /* Frameworks */ = {
			isa = PBXFrameworksBuildPhase;
			buildActionMask = 2147483647;
			files = (
				A0C6ECFA29E142540069E839 /* RxMoya in Frameworks */,
				A0C6ED0229E14B270069E839 /* Lottie in Frameworks */,
				F098222829DFF0880095F62A /* FlexLayout in Frameworks */,
				F098220929DFCEB70095F62A /* PinLayout in Frameworks */,
				F03BE18029E0029800429E8F /* RxGesture in Frameworks */,
				A0C6ECF129E142290069E839 /* Toast in Frameworks */,
				F09821FB29DFB1AB0095F62A /* OpenAI in Frameworks */,
				A0C6ECF829E142540069E839 /* ReactiveMoya in Frameworks */,
				A0C6ECF629E142540069E839 /* Moya in Frameworks */,
				F09821FE29DFCE520095F62A /* SnapKit in Frameworks */,
				F098220C29DFD11F0095F62A /* RxCocoa in Frameworks */,
				F098220E29DFD11F0095F62A /* RxRelay in Frameworks */,
				A0C6ECF429E142540069E839 /* CombineMoya in Frameworks */,
				F098220329DFCE6C0095F62A /* Then in Frameworks */,
			);
			runOnlyForDeploymentPostprocessing = 0;
		};
/* End PBXFrameworksBuildPhase section */

/* Begin PBXGroup section */
		A027A1AA29E291840061BCF3 /* Model */ = {
			isa = PBXGroup;
			children = (
				A027A1AB29E291BA0061BCF3 /* ChatItem.swift */,
			);
			path = Model;
			sourceTree = "<group>";
		};
		A0C6ECFB29E144C20069E839 /* Cells */ = {
			isa = PBXGroup;
			children = (
				A0C6ECFE29E145640069E839 /* CommonCell.swift */,
				A0C6ECFC29E144E90069E839 /* MyCell.swift */,
				A0C6ED1129E15A160069E839 /* AssistantCell.swift */,
			);
			path = Cells;
			sourceTree = "<group>";
		};
		A0C6ED0329E14D0D0069E839 /* Resources */ = {
			isa = PBXGroup;
			children = (
				A0C6ED0429E14D190069E839 /* Lottie */,
			);
			path = Resources;
			sourceTree = "<group>";
		};
		A0C6ED0429E14D190069E839 /* Lottie */ = {
			isa = PBXGroup;
			children = (
				A0C6ED0529E14D2A0069E839 /* blud_dot_loading.json */,
				A0C6ED0629E14D2B0069E839 /* yellow_long_dot_loading.json */,
				A0C6ED0829E14D2B0069E839 /* yellow_spinner.json */,
				A0C6ED0729E14D2B0069E839 /* yellow_dot_loading.json */,
			);
			path = Lottie;
			sourceTree = "<group>";
		};
		A0C6ED1329E160360069E839 /* ViewModel */ = {
			isa = PBXGroup;
			children = (
				A0C6ED1429E1607E0069E839 /* ChattingViewModel.swift */,
				A0C6ED1829E1686B0069E839 /* ChattingViewModel+Input.swift */,
			);
			path = ViewModel;
			sourceTree = "<group>";
		};
		F09821D929DFB15E0095F62A = {
			isa = PBXGroup;
			children = (
				F09821E429DFB15E0095F62A /* ChatGPTSub */,
				F09821E329DFB15E0095F62A /* Products */,
				F098222229DFED570095F62A /* Frameworks */,
			);
			sourceTree = "<group>";
		};
		F09821E329DFB15E0095F62A /* Products */ = {
			isa = PBXGroup;
			children = (
				F09821E229DFB15E0095F62A /* ChatGPTSub.app */,
			);
			name = Products;
			sourceTree = "<group>";
		};
		F09821E429DFB15E0095F62A /* ChatGPTSub */ = {
			isa = PBXGroup;
			children = (
				A0C6ED0329E14D0D0069E839 /* Resources */,
				F098221E29DFE9E20095F62A /* Utils */,
				F098220F29DFD1570095F62A /* Main */,
				F09821E529DFB15E0095F62A /* AppDelegate.swift */,
				F09821E729DFB15E0095F62A /* SceneDelegate.swift */,
				F09821EE29DFB1600095F62A /* Assets.xcassets */,
				F09821F029DFB1600095F62A /* LaunchScreen.storyboard */,
				F09821F329DFB1600095F62A /* Info.plist */,
			);
			path = ChatGPTSub;
			sourceTree = "<group>";
		};
		F098220F29DFD1570095F62A /* Main */ = {
			isa = PBXGroup;
			children = (
				A027A1AA29E291840061BCF3 /* Model */,
				A0C6ED1329E160360069E839 /* ViewModel */,
				F098221129DFD1770095F62A /* View */,
			);
			path = Main;
			sourceTree = "<group>";
		};
		F098221129DFD1770095F62A /* View */ = {
			isa = PBXGroup;
			children = (
				A0C6ECFB29E144C20069E839 /* Cells */,
				F098221529DFD1980095F62A /* Layout */,
				F098221329DFD1870095F62A /* CustomView */,
				F09821E929DFB15E0095F62A /* ViewController.swift */,
				A0C6ED0F29E152950069E839 /* ViewController+TableView.swift */,
				A0C6ED1A29E16EBC0069E839 /* ViewController+Bind.swift */,
			);
			path = View;
			sourceTree = "<group>";
		};
		F098221329DFD1870095F62A /* CustomView */ = {
			isa = PBXGroup;
			children = (
				F098221829DFDD270095F62A /* CustomView.swift */,
				F098221A29DFDD520095F62A /* ChatInputBarView.swift */,
			);
			path = CustomView;
			sourceTree = "<group>";
		};
		F098221529DFD1980095F62A /* Layout */ = {
			isa = PBXGroup;
			children = (
				F098221629DFD3F10095F62A /* ChattingLayout.swift */,
				A0C6ED1C29E170860069E839 /* ChattingLayout+Bind.swift */,
				F098222929DFFEE90095F62A /* ChattingLayout+Keyboard.swift */,
			);
			path = Layout;
			sourceTree = "<group>";
		};
		F098221E29DFE9E20095F62A /* Utils */ = {
			isa = PBXGroup;
			children = (
				F098221F29DFE9F70095F62A /* Extensions */,
			);
			path = Utils;
			sourceTree = "<group>";
		};
		F098221F29DFE9F70095F62A /* Extensions */ = {
			isa = PBXGroup;
			children = (
				F098222029DFEA100095F62A /* ColorExtensions.swift */,
				A027A1A829E28FE30061BCF3 /* DateExtensions.swift */,
			);
			path = Extensions;
			sourceTree = "<group>";
		};
		F098222229DFED570095F62A /* Frameworks */ = {
			isa = PBXGroup;
			children = (
			);
			name = Frameworks;
			sourceTree = "<group>";
		};
/* End PBXGroup section */

/* Begin PBXNativeTarget section */
		F09821E129DFB15E0095F62A /* ChatGPTSub */ = {
			isa = PBXNativeTarget;
			buildConfigurationList = F09821F629DFB1600095F62A /* Build configuration list for PBXNativeTarget "ChatGPTSub" */;
			buildPhases = (
				F09821DE29DFB15E0095F62A /* Sources */,
				F09821DF29DFB15E0095F62A /* Frameworks */,
				F09821E029DFB15E0095F62A /* Resources */,
			);
			buildRules = (
			);
			dependencies = (
			);
			name = ChatGPTSub;
			packageProductDependencies = (
				F09821FA29DFB1AB0095F62A /* OpenAI */,
				F09821FD29DFCE520095F62A /* SnapKit */,
				F098220229DFCE6C0095F62A /* Then */,
				F098220829DFCEB70095F62A /* PinLayout */,
				F098220B29DFD11F0095F62A /* RxCocoa */,
				F098220D29DFD11F0095F62A /* RxRelay */,
				F098222729DFF0880095F62A /* FlexLayout */,
				F03BE17F29E0029800429E8F /* RxGesture */,
				A0C6ECF029E142290069E839 /* Toast */,
				A0C6ECF329E142540069E839 /* CombineMoya */,
				A0C6ECF529E142540069E839 /* Moya */,
				A0C6ECF729E142540069E839 /* ReactiveMoya */,
				A0C6ECF929E142540069E839 /* RxMoya */,
				A0C6ED0129E14B270069E839 /* Lottie */,
			);
			productName = ChatGPTSub;
			productReference = F09821E229DFB15E0095F62A /* ChatGPTSub.app */;
			productType = "com.apple.product-type.application";
		};
/* End PBXNativeTarget section */

/* Begin PBXProject section */
		F09821DA29DFB15E0095F62A /* Project object */ = {
			isa = PBXProject;
			attributes = {
				BuildIndependentTargetsInParallel = 1;
				LastSwiftUpdateCheck = 1420;
				LastUpgradeCheck = 1420;
				TargetAttributes = {
					F09821E129DFB15E0095F62A = {
						CreatedOnToolsVersion = 14.2;
					};
				};
			};
			buildConfigurationList = F09821DD29DFB15E0095F62A /* Build configuration list for PBXProject "ChatGPTSub" */;
			compatibilityVersion = "Xcode 14.0";
			developmentRegion = en;
			hasScannedForEncodings = 0;
			knownRegions = (
				en,
				Base,
			);
			mainGroup = F09821D929DFB15E0095F62A;
			packageReferences = (
				F09821F929DFB1AB0095F62A /* XCRemoteSwiftPackageReference "OpenAI" */,
				F09821FC29DFCE520095F62A /* XCRemoteSwiftPackageReference "SnapKit" */,
				F098220129DFCE6C0095F62A /* XCRemoteSwiftPackageReference "Then" */,
				F098220429DFCE9F0095F62A /* XCRemoteSwiftPackageReference "FlexLayout" */,
				F098220729DFCEB70095F62A /* XCRemoteSwiftPackageReference "PinLayout" */,
				F098220A29DFD11F0095F62A /* XCRemoteSwiftPackageReference "RxSwift" */,
				F03BE17E29E0029800429E8F /* XCRemoteSwiftPackageReference "RxGesture" */,
				A0C6ECEF29E142290069E839 /* XCRemoteSwiftPackageReference "Toast-Swift" */,
				A0C6ECF229E142540069E839 /* XCRemoteSwiftPackageReference "Moya" */,
				A0C6ED0029E14B270069E839 /* XCRemoteSwiftPackageReference "lottie-ios" */,
			);
			productRefGroup = F09821E329DFB15E0095F62A /* Products */;
			projectDirPath = "";
			projectRoot = "";
			targets = (
				F09821E129DFB15E0095F62A /* ChatGPTSub */,
			);
		};
/* End PBXProject section */

/* Begin PBXResourcesBuildPhase section */
		F09821E029DFB15E0095F62A /* Resources */ = {
			isa = PBXResourcesBuildPhase;
			buildActionMask = 2147483647;
			files = (
				F09821F229DFB1600095F62A /* LaunchScreen.storyboard in Resources */,
				F09821EF29DFB1600095F62A /* Assets.xcassets in Resources */,
				A0C6ED0B29E14D2B0069E839 /* yellow_dot_loading.json in Resources */,
				A0C6ED0A29E14D2B0069E839 /* yellow_long_dot_loading.json in Resources */,
				A0C6ED0929E14D2B0069E839 /* blud_dot_loading.json in Resources */,
				A0C6ED0C29E14D2B0069E839 /* yellow_spinner.json in Resources */,
			);
			runOnlyForDeploymentPostprocessing = 0;
		};
/* End PBXResourcesBuildPhase section */

/* Begin PBXSourcesBuildPhase section */
		F09821DE29DFB15E0095F62A /* Sources */ = {
			isa = PBXSourcesBuildPhase;
			buildActionMask = 2147483647;
			files = (
				A0C6ED1529E1607E0069E839 /* ChattingViewModel.swift in Sources */,
				A027A1A929E28FE30061BCF3 /* DateExtensions.swift in Sources */,
				A0C6ED1B29E16EBC0069E839 /* ViewController+Bind.swift in Sources */,
				A0C6ED1229E15A160069E839 /* AssistantCell.swift in Sources */,
				F098221929DFDD270095F62A /* CustomView.swift in Sources */,
				F09821EA29DFB15E0095F62A /* ViewController.swift in Sources */,
				F09821E629DFB15E0095F62A /* AppDelegate.swift in Sources */,
				A0C6ED1929E1686B0069E839 /* ChattingViewModel+Input.swift in Sources */,
				A027A1AC29E291BA0061BCF3 /* ChatItem.swift in Sources */,
				F098221B29DFDD520095F62A /* ChatInputBarView.swift in Sources */,
				F098222A29DFFEE90095F62A /* ChattingLayout+Keyboard.swift in Sources */,
				F09821E829DFB15E0095F62A /* SceneDelegate.swift in Sources */,
				A0C6ECFD29E144E90069E839 /* MyCell.swift in Sources */,
				F098221729DFD3F10095F62A /* ChattingLayout.swift in Sources */,
				A0C6ED1D29E170860069E839 /* ChattingLayout+Bind.swift in Sources */,
				A0C6ECFF29E145640069E839 /* CommonCell.swift in Sources */,
				A0C6ED1029E152950069E839 /* ViewController+TableView.swift in Sources */,
				F098222129DFEA100095F62A /* ColorExtensions.swift in Sources */,
			);
			runOnlyForDeploymentPostprocessing = 0;
		};
/* End PBXSourcesBuildPhase section */

/* Begin PBXVariantGroup section */
		F09821F029DFB1600095F62A /* LaunchScreen.storyboard */ = {
			isa = PBXVariantGroup;
			children = (
				F09821F129DFB1600095F62A /* Base */,
			);
			name = LaunchScreen.storyboard;
			sourceTree = "<group>";
		};
/* End PBXVariantGroup section */

/* Begin XCBuildConfiguration section */
		F09821F429DFB1600095F62A /* Debug */ = {
			isa = XCBuildConfiguration;
			buildSettings = {
				ALWAYS_SEARCH_USER_PATHS = NO;
				CLANG_ANALYZER_NONNULL = YES;
				CLANG_ANALYZER_NUMBER_OBJECT_CONVERSION = YES_AGGRESSIVE;
				CLANG_CXX_LANGUAGE_STANDARD = "gnu++20";
				CLANG_ENABLE_MODULES = YES;
				CLANG_ENABLE_OBJC_ARC = YES;
				CLANG_ENABLE_OBJC_WEAK = YES;
				CLANG_WARN_BLOCK_CAPTURE_AUTORELEASING = YES;
				CLANG_WARN_BOOL_CONVERSION = YES;
				CLANG_WARN_COMMA = YES;
				CLANG_WARN_CONSTANT_CONVERSION = YES;
				CLANG_WARN_DEPRECATED_OBJC_IMPLEMENTATIONS = YES;
				CLANG_WARN_DIRECT_OBJC_ISA_USAGE = YES_ERROR;
				CLANG_WARN_DOCUMENTATION_COMMENTS = YES;
				CLANG_WARN_EMPTY_BODY = YES;
				CLANG_WARN_ENUM_CONVERSION = YES;
				CLANG_WARN_INFINITE_RECURSION = YES;
				CLANG_WARN_INT_CONVERSION = YES;
				CLANG_WARN_NON_LITERAL_NULL_CONVERSION = YES;
				CLANG_WARN_OBJC_IMPLICIT_RETAIN_SELF = YES;
				CLANG_WARN_OBJC_LITERAL_CONVERSION = YES;
				CLANG_WARN_OBJC_ROOT_CLASS = YES_ERROR;
				CLANG_WARN_QUOTED_INCLUDE_IN_FRAMEWORK_HEADER = YES;
				CLANG_WARN_RANGE_LOOP_ANALYSIS = YES;
				CLANG_WARN_STRICT_PROTOTYPES = YES;
				CLANG_WARN_SUSPICIOUS_MOVE = YES;
				CLANG_WARN_UNGUARDED_AVAILABILITY = YES_AGGRESSIVE;
				CLANG_WARN_UNREACHABLE_CODE = YES;
				CLANG_WARN__DUPLICATE_METHOD_MATCH = YES;
				COPY_PHASE_STRIP = NO;
				DEBUG_INFORMATION_FORMAT = dwarf;
				ENABLE_STRICT_OBJC_MSGSEND = YES;
				ENABLE_TESTABILITY = YES;
				GCC_C_LANGUAGE_STANDARD = gnu11;
				GCC_DYNAMIC_NO_PIC = NO;
				GCC_NO_COMMON_BLOCKS = YES;
				GCC_OPTIMIZATION_LEVEL = 0;
				GCC_PREPROCESSOR_DEFINITIONS = (
					"DEBUG=1",
					"$(inherited)",
				);
				GCC_WARN_64_TO_32_BIT_CONVERSION = YES;
				GCC_WARN_ABOUT_RETURN_TYPE = YES_ERROR;
				GCC_WARN_UNDECLARED_SELECTOR = YES;
				GCC_WARN_UNINITIALIZED_AUTOS = YES_AGGRESSIVE;
				GCC_WARN_UNUSED_FUNCTION = YES;
				GCC_WARN_UNUSED_VARIABLE = YES;
				IPHONEOS_DEPLOYMENT_TARGET = 16.2;
				MTL_ENABLE_DEBUG_INFO = INCLUDE_SOURCE;
				MTL_FAST_MATH = YES;
				ONLY_ACTIVE_ARCH = YES;
				SDKROOT = iphoneos;
				SWIFT_ACTIVE_COMPILATION_CONDITIONS = DEBUG;
				SWIFT_OPTIMIZATION_LEVEL = "-Onone";
			};
			name = Debug;
		};
		F09821F529DFB1600095F62A /* Release */ = {
			isa = XCBuildConfiguration;
			buildSettings = {
				ALWAYS_SEARCH_USER_PATHS = NO;
				CLANG_ANALYZER_NONNULL = YES;
				CLANG_ANALYZER_NUMBER_OBJECT_CONVERSION = YES_AGGRESSIVE;
				CLANG_CXX_LANGUAGE_STANDARD = "gnu++20";
				CLANG_ENABLE_MODULES = YES;
				CLANG_ENABLE_OBJC_ARC = YES;
				CLANG_ENABLE_OBJC_WEAK = YES;
				CLANG_WARN_BLOCK_CAPTURE_AUTORELEASING = YES;
				CLANG_WARN_BOOL_CONVERSION = YES;
				CLANG_WARN_COMMA = YES;
				CLANG_WARN_CONSTANT_CONVERSION = YES;
				CLANG_WARN_DEPRECATED_OBJC_IMPLEMENTATIONS = YES;
				CLANG_WARN_DIRECT_OBJC_ISA_USAGE = YES_ERROR;
				CLANG_WARN_DOCUMENTATION_COMMENTS = YES;
				CLANG_WARN_EMPTY_BODY = YES;
				CLANG_WARN_ENUM_CONVERSION = YES;
				CLANG_WARN_INFINITE_RECURSION = YES;
				CLANG_WARN_INT_CONVERSION = YES;
				CLANG_WARN_NON_LITERAL_NULL_CONVERSION = YES;
				CLANG_WARN_OBJC_IMPLICIT_RETAIN_SELF = YES;
				CLANG_WARN_OBJC_LITERAL_CONVERSION = YES;
				CLANG_WARN_OBJC_ROOT_CLASS = YES_ERROR;
				CLANG_WARN_QUOTED_INCLUDE_IN_FRAMEWORK_HEADER = YES;
				CLANG_WARN_RANGE_LOOP_ANALYSIS = YES;
				CLANG_WARN_STRICT_PROTOTYPES = YES;
				CLANG_WARN_SUSPICIOUS_MOVE = YES;
				CLANG_WARN_UNGUARDED_AVAILABILITY = YES_AGGRESSIVE;
				CLANG_WARN_UNREACHABLE_CODE = YES;
				CLANG_WARN__DUPLICATE_METHOD_MATCH = YES;
				COPY_PHASE_STRIP = NO;
				DEBUG_INFORMATION_FORMAT = "dwarf-with-dsym";
				ENABLE_NS_ASSERTIONS = NO;
				ENABLE_STRICT_OBJC_MSGSEND = YES;
				GCC_C_LANGUAGE_STANDARD = gnu11;
				GCC_NO_COMMON_BLOCKS = YES;
				GCC_WARN_64_TO_32_BIT_CONVERSION = YES;
				GCC_WARN_ABOUT_RETURN_TYPE = YES_ERROR;
				GCC_WARN_UNDECLARED_SELECTOR = YES;
				GCC_WARN_UNINITIALIZED_AUTOS = YES_AGGRESSIVE;
				GCC_WARN_UNUSED_FUNCTION = YES;
				GCC_WARN_UNUSED_VARIABLE = YES;
				IPHONEOS_DEPLOYMENT_TARGET = 16.2;
				MTL_ENABLE_DEBUG_INFO = NO;
				MTL_FAST_MATH = YES;
				SDKROOT = iphoneos;
				SWIFT_COMPILATION_MODE = wholemodule;
				SWIFT_OPTIMIZATION_LEVEL = "-O";
				VALIDATE_PRODUCT = YES;
			};
			name = Release;
		};
		F09821F729DFB1600095F62A /* Debug */ = {
			isa = XCBuildConfiguration;
			buildSettings = {
				ASSETCATALOG_COMPILER_APPICON_NAME = AppIcon;
				ASSETCATALOG_COMPILER_GLOBAL_ACCENT_COLOR_NAME = AccentColor;
				CODE_SIGN_STYLE = Automatic;
				CURRENT_PROJECT_VERSION = 1;
				DEVELOPMENT_TEAM = CBM8C92C3U;
				GENERATE_INFOPLIST_FILE = YES;
				INFOPLIST_FILE = ChatGPTSub/Info.plist;
				INFOPLIST_KEY_UIApplicationSupportsIndirectInputEvents = YES;
				INFOPLIST_KEY_UILaunchStoryboardName = LaunchScreen;
				INFOPLIST_KEY_UIMainStoryboardFile = "";
				INFOPLIST_KEY_UISupportedInterfaceOrientations_iPad = "UIInterfaceOrientationPortrait UIInterfaceOrientationPortraitUpsideDown UIInterfaceOrientationLandscapeLeft UIInterfaceOrientationLandscapeRight";
				INFOPLIST_KEY_UISupportedInterfaceOrientations_iPhone = "UIInterfaceOrientationPortrait UIInterfaceOrientationLandscapeLeft UIInterfaceOrientationLandscapeRight";
				LD_RUNPATH_SEARCH_PATHS = (
					"$(inherited)",
					"@executable_path/Frameworks",
				);
				MARKETING_VERSION = 1.0;
				PRODUCT_BUNDLE_IDENTIFIER = test.test.ChatGPTSub;
				PRODUCT_NAME = "$(TARGET_NAME)";
				SWIFT_EMIT_LOC_STRINGS = YES;
				SWIFT_VERSION = 5.0;
				TARGETED_DEVICE_FAMILY = "1,2";
			};
			name = Debug;
		};
		F09821F829DFB1600095F62A /* Release */ = {
			isa = XCBuildConfiguration;
			buildSettings = {
				ASSETCATALOG_COMPILER_APPICON_NAME = AppIcon;
				ASSETCATALOG_COMPILER_GLOBAL_ACCENT_COLOR_NAME = AccentColor;
				CODE_SIGN_STYLE = Automatic;
				CURRENT_PROJECT_VERSION = 1;
				DEVELOPMENT_TEAM = CBM8C92C3U;
				GENERATE_INFOPLIST_FILE = YES;
				INFOPLIST_FILE = ChatGPTSub/Info.plist;
				INFOPLIST_KEY_UIApplicationSupportsIndirectInputEvents = YES;
				INFOPLIST_KEY_UILaunchStoryboardName = LaunchScreen;
				INFOPLIST_KEY_UIMainStoryboardFile = "";
				INFOPLIST_KEY_UISupportedInterfaceOrientations_iPad = "UIInterfaceOrientationPortrait UIInterfaceOrientationPortraitUpsideDown UIInterfaceOrientationLandscapeLeft UIInterfaceOrientationLandscapeRight";
				INFOPLIST_KEY_UISupportedInterfaceOrientations_iPhone = "UIInterfaceOrientationPortrait UIInterfaceOrientationLandscapeLeft UIInterfaceOrientationLandscapeRight";
				LD_RUNPATH_SEARCH_PATHS = (
					"$(inherited)",
					"@executable_path/Frameworks",
				);
				MARKETING_VERSION = 1.0;
				PRODUCT_BUNDLE_IDENTIFIER = test.test.ChatGPTSub;
				PRODUCT_NAME = "$(TARGET_NAME)";
				SWIFT_EMIT_LOC_STRINGS = YES;
				SWIFT_VERSION = 5.0;
				TARGETED_DEVICE_FAMILY = "1,2";
			};
			name = Release;
		};
/* End XCBuildConfiguration section */

/* Begin XCConfigurationList section */
		F09821DD29DFB15E0095F62A /* Build configuration list for PBXProject "ChatGPTSub" */ = {
			isa = XCConfigurationList;
			buildConfigurations = (
				F09821F429DFB1600095F62A /* Debug */,
				F09821F529DFB1600095F62A /* Release */,
			);
			defaultConfigurationIsVisible = 0;
			defaultConfigurationName = Release;
		};
		F09821F629DFB1600095F62A /* Build configuration list for PBXNativeTarget "ChatGPTSub" */ = {
			isa = XCConfigurationList;
			buildConfigurations = (
				F09821F729DFB1600095F62A /* Debug */,
				F09821F829DFB1600095F62A /* Release */,
			);
			defaultConfigurationIsVisible = 0;
			defaultConfigurationName = Release;
		};
/* End XCConfigurationList section */

/* Begin XCRemoteSwiftPackageReference section */
		A0C6ECEF29E142290069E839 /* XCRemoteSwiftPackageReference "Toast-Swift" */ = {
			isa = XCRemoteSwiftPackageReference;
			repositoryURL = "https://github.com/scalessec/Toast-Swift.git";
			requirement = {
				kind = upToNextMajorVersion;
				minimumVersion = 5.0.0;
			};
		};
		A0C6ECF229E142540069E839 /* XCRemoteSwiftPackageReference "Moya" */ = {
			isa = XCRemoteSwiftPackageReference;
			repositoryURL = "https://github.com/Moya/Moya.git";
			requirement = {
				kind = upToNextMajorVersion;
				minimumVersion = 15.0.0;
			};
		};
		A0C6ED0029E14B270069E839 /* XCRemoteSwiftPackageReference "lottie-ios" */ = {
			isa = XCRemoteSwiftPackageReference;
			repositoryURL = "https://github.com/airbnb/lottie-ios.git";
			requirement = {
				kind = upToNextMajorVersion;
				minimumVersion = 4.0.0;
			};
		};
		F03BE17E29E0029800429E8F /* XCRemoteSwiftPackageReference "RxGesture" */ = {
			isa = XCRemoteSwiftPackageReference;
			repositoryURL = "https://github.com/RxSwiftCommunity/RxGesture.git";
			requirement = {
				kind = upToNextMajorVersion;
				minimumVersion = 4.0.0;
			};
		};
		F09821F929DFB1AB0095F62A /* XCRemoteSwiftPackageReference "OpenAI" */ = {
			isa = XCRemoteSwiftPackageReference;
			repositoryURL = "https://github.com/MacPaw/OpenAI.git";
			requirement = {
				kind = upToNextMajorVersion;
				minimumVersion = 0.0.9;
			};
		};
		F09821FC29DFCE520095F62A /* XCRemoteSwiftPackageReference "SnapKit" */ = {
			isa = XCRemoteSwiftPackageReference;
			repositoryURL = "https://github.com/SnapKit/SnapKit.git";
			requirement = {
				kind = upToNextMajorVersion;
				minimumVersion = 5.0.0;
			};
		};
		F098220129DFCE6C0095F62A /* XCRemoteSwiftPackageReference "Then" */ = {
			isa = XCRemoteSwiftPackageReference;
			repositoryURL = "https://github.com/devxoul/Then";
			requirement = {
				kind = upToNextMajorVersion;
				minimumVersion = 3.0.0;
			};
		};
		F098220429DFCE9F0095F62A /* XCRemoteSwiftPackageReference "FlexLayout" */ = {
			isa = XCRemoteSwiftPackageReference;
			repositoryURL = "https://github.com/layoutBox/FlexLayout.git";
			requirement = {
				kind = upToNextMajorVersion;
				minimumVersion = 1.0.0;
			};
		};
		F098220729DFCEB70095F62A /* XCRemoteSwiftPackageReference "PinLayout" */ = {
			isa = XCRemoteSwiftPackageReference;
			repositoryURL = "https://github.com/layoutBox/PinLayout";
			requirement = {
				kind = upToNextMajorVersion;
				minimumVersion = 1.0.0;
			};
		};
		F098220A29DFD11F0095F62A /* XCRemoteSwiftPackageReference "RxSwift" */ = {
			isa = XCRemoteSwiftPackageReference;
			repositoryURL = "https://github.com/ReactiveX/RxSwift.git";
			requirement = {
				kind = upToNextMajorVersion;
				minimumVersion = 6.0.0;
			};
		};
/* End XCRemoteSwiftPackageReference section */

/* Begin XCSwiftPackageProductDependency section */
		A0C6ECF029E142290069E839 /* Toast */ = {
			isa = XCSwiftPackageProductDependency;
			package = A0C6ECEF29E142290069E839 /* XCRemoteSwiftPackageReference "Toast-Swift" */;
			productName = Toast;
		};
		A0C6ECF329E142540069E839 /* CombineMoya */ = {
			isa = XCSwiftPackageProductDependency;
			package = A0C6ECF229E142540069E839 /* XCRemoteSwiftPackageReference "Moya" */;
			productName = CombineMoya;
		};
		A0C6ECF529E142540069E839 /* Moya */ = {
			isa = XCSwiftPackageProductDependency;
			package = A0C6ECF229E142540069E839 /* XCRemoteSwiftPackageReference "Moya" */;
			productName = Moya;
		};
		A0C6ECF729E142540069E839 /* ReactiveMoya */ = {
			isa = XCSwiftPackageProductDependency;
			package = A0C6ECF229E142540069E839 /* XCRemoteSwiftPackageReference "Moya" */;
			productName = ReactiveMoya;
		};
		A0C6ECF929E142540069E839 /* RxMoya */ = {
			isa = XCSwiftPackageProductDependency;
			package = A0C6ECF229E142540069E839 /* XCRemoteSwiftPackageReference "Moya" */;
			productName = RxMoya;
		};
		A0C6ED0129E14B270069E839 /* Lottie */ = {
			isa = XCSwiftPackageProductDependency;
			package = A0C6ED0029E14B270069E839 /* XCRemoteSwiftPackageReference "lottie-ios" */;
			productName = Lottie;
		};
		F03BE17F29E0029800429E8F /* RxGesture */ = {
			isa = XCSwiftPackageProductDependency;
			package = F03BE17E29E0029800429E8F /* XCRemoteSwiftPackageReference "RxGesture" */;
			productName = RxGesture;
		};
		F09821FA29DFB1AB0095F62A /* OpenAI */ = {
			isa = XCSwiftPackageProductDependency;
			package = F09821F929DFB1AB0095F62A /* XCRemoteSwiftPackageReference "OpenAI" */;
			productName = OpenAI;
		};
		F09821FD29DFCE520095F62A /* SnapKit */ = {
			isa = XCSwiftPackageProductDependency;
			package = F09821FC29DFCE520095F62A /* XCRemoteSwiftPackageReference "SnapKit" */;
			productName = SnapKit;
		};
		F098220229DFCE6C0095F62A /* Then */ = {
			isa = XCSwiftPackageProductDependency;
			package = F098220129DFCE6C0095F62A /* XCRemoteSwiftPackageReference "Then" */;
			productName = Then;
		};
		F098220829DFCEB70095F62A /* PinLayout */ = {
			isa = XCSwiftPackageProductDependency;
			package = F098220729DFCEB70095F62A /* XCRemoteSwiftPackageReference "PinLayout" */;
			productName = PinLayout;
		};
		F098220B29DFD11F0095F62A /* RxCocoa */ = {
			isa = XCSwiftPackageProductDependency;
			package = F098220A29DFD11F0095F62A /* XCRemoteSwiftPackageReference "RxSwift" */;
			productName = RxCocoa;
		};
		F098220D29DFD11F0095F62A /* RxRelay */ = {
			isa = XCSwiftPackageProductDependency;
			package = F098220A29DFD11F0095F62A /* XCRemoteSwiftPackageReference "RxSwift" */;
			productName = RxRelay;
		};
		F098222729DFF0880095F62A /* FlexLayout */ = {
			isa = XCSwiftPackageProductDependency;
			package = F098220429DFCE9F0095F62A /* XCRemoteSwiftPackageReference "FlexLayout" */;
			productName = FlexLayout;
		};
/* End XCSwiftPackageProductDependency section */
	};
	rootObject = F09821DA29DFB15E0095F62A /* Project object */;
}
